// !$*UTF8*$!
{
	archiveVersion = 1;
	classes = {
	};
	objectVersion = 55;
	objects = {

/* Begin PBXBuildFile section */
		0B8D985C21FAFC65B58912AD /* Pods_CocktailApp.framework in Frameworks */ = {isa = PBXBuildFile; fileRef = BEBC1A8CCAF25A0EC6A8A05E /* Pods_CocktailApp.framework */; };
		89840220049D60046FE24AED /* Pods_CocktailAppTests.framework in Frameworks */ = {isa = PBXBuildFile; fileRef = 5275C0C9EBFA3E5EB7C0D669 /* Pods_CocktailAppTests.framework */; };
		9B3DAC5589DE4D39375ED3A5 /* Pods_CocktailApp_CocktailAppUITests.framework in Frameworks */ = {isa = PBXBuildFile; fileRef = 977593E87E3213D433E3782C /* Pods_CocktailApp_CocktailAppUITests.framework */; };
		A0272AEC286B75FB00B55F86 /* Communicator.swift in Sources */ = {isa = PBXBuildFile; fileRef = A0272AEB286B75FB00B55F86 /* Communicator.swift */; };
		A0272AEE286B761400B55F86 /* DrinkDto.swift in Sources */ = {isa = PBXBuildFile; fileRef = A0272AED286B761400B55F86 /* DrinkDto.swift */; };
		A0272AF0286B763500B55F86 /* DrinksDto.swift in Sources */ = {isa = PBXBuildFile; fileRef = A0272AEF286B763500B55F86 /* DrinksDto.swift */; };
		A0843A662860EED0008826E0 /* CocktailAppApp.swift in Sources */ = {isa = PBXBuildFile; fileRef = A0843A652860EED0008826E0 /* CocktailAppApp.swift */; };
		A0843A682860EED0008826E0 /* CoreDataView.swift in Sources */ = {isa = PBXBuildFile; fileRef = A0843A672860EED0008826E0 /* CoreDataView.swift */; };
		A0843A6A2860EED4008826E0 /* Assets.xcassets in Resources */ = {isa = PBXBuildFile; fileRef = A0843A692860EED4008826E0 /* Assets.xcassets */; };
		A0843A6D2860EED4008826E0 /* Preview Assets.xcassets in Resources */ = {isa = PBXBuildFile; fileRef = A0843A6C2860EED4008826E0 /* Preview Assets.xcassets */; };
		A0843A6F2860EED4008826E0 /* Persistence.swift in Sources */ = {isa = PBXBuildFile; fileRef = A0843A6E2860EED4008826E0 /* Persistence.swift */; };
		A0843A722860EED4008826E0 /* CocktailApp.xcdatamodeld in Sources */ = {isa = PBXBuildFile; fileRef = A0843A702860EED4008826E0 /* CocktailApp.xcdatamodeld */; };
		A0843A7C2860EED4008826E0 /* CocktailAppTests.swift in Sources */ = {isa = PBXBuildFile; fileRef = A0843A7B2860EED4008826E0 /* CocktailAppTests.swift */; };
		A0843A862860EED4008826E0 /* CocktailAppUITests.swift in Sources */ = {isa = PBXBuildFile; fileRef = A0843A852860EED4008826E0 /* CocktailAppUITests.swift */; };
		A0843A882860EED4008826E0 /* CocktailAppUITestsLaunchTests.swift in Sources */ = {isa = PBXBuildFile; fileRef = A0843A872860EED4008826E0 /* CocktailAppUITestsLaunchTests.swift */; };
		A0843A9D2860F3D6008826E0 /* CocktailsListView.swift in Sources */ = {isa = PBXBuildFile; fileRef = A0843A9C2860F3D6008826E0 /* CocktailsListView.swift */; };
		A0843A9F2860F46F008826E0 /* CocktailsListViewModel.swift in Sources */ = {isa = PBXBuildFile; fileRef = A0843A9E2860F46F008826E0 /* CocktailsListViewModel.swift */; };
		A0843AA12860F4AF008826E0 /* Cocktail.swift in Sources */ = {isa = PBXBuildFile; fileRef = A0843AA02860F4AF008826E0 /* Cocktail.swift */; };
		A0843AA32860F70C008826E0 /* CocktailRowViewModel.swift in Sources */ = {isa = PBXBuildFile; fileRef = A0843AA22860F70C008826E0 /* CocktailRowViewModel.swift */; };
		A0843AA52860F77D008826E0 /* CocktailRowView.swift in Sources */ = {isa = PBXBuildFile; fileRef = A0843AA42860F77D008826E0 /* CocktailRowView.swift */; };
		A0843AA72860F997008826E0 /* CocktailDetailView.swift in Sources */ = {isa = PBXBuildFile; fileRef = A0843AA62860F997008826E0 /* CocktailDetailView.swift */; };
		A0843AA928610813008826E0 /* CocktailDetailViewModel.swift in Sources */ = {isa = PBXBuildFile; fileRef = A0843AA828610813008826E0 /* CocktailDetailViewModel.swift */; };
/* End PBXBuildFile section */

/* Begin PBXContainerItemProxy section */
		A0843A782860EED4008826E0 /* PBXContainerItemProxy */ = {
			isa = PBXContainerItemProxy;
			containerPortal = A0843A5A2860EED0008826E0 /* Project object */;
			proxyType = 1;
			remoteGlobalIDString = A0843A612860EED0008826E0;
			remoteInfo = CocktailApp;
		};
		A0843A822860EED4008826E0 /* PBXContainerItemProxy */ = {
			isa = PBXContainerItemProxy;
			containerPortal = A0843A5A2860EED0008826E0 /* Project object */;
			proxyType = 1;
			remoteGlobalIDString = A0843A612860EED0008826E0;
			remoteInfo = CocktailApp;
		};
/* End PBXContainerItemProxy section */

/* Begin PBXFileReference section */
		2B62E1F4225394E16F67FF93 /* Pods-CocktailApp-CocktailAppUITests.debug.xcconfig */ = {isa = PBXFileReference; includeInIndex = 1; lastKnownFileType = text.xcconfig; name = "Pods-CocktailApp-CocktailAppUITests.debug.xcconfig"; path = "Target Support Files/Pods-CocktailApp-CocktailAppUITests/Pods-CocktailApp-CocktailAppUITests.debug.xcconfig"; sourceTree = "<group>"; };
		5275C0C9EBFA3E5EB7C0D669 /* Pods_CocktailAppTests.framework */ = {isa = PBXFileReference; explicitFileType = wrapper.framework; includeInIndex = 0; path = Pods_CocktailAppTests.framework; sourceTree = BUILT_PRODUCTS_DIR; };
		8F2F77B7BCE71600E5DAA6CA /* Pods-CocktailApp.release.xcconfig */ = {isa = PBXFileReference; includeInIndex = 1; lastKnownFileType = text.xcconfig; name = "Pods-CocktailApp.release.xcconfig"; path = "Target Support Files/Pods-CocktailApp/Pods-CocktailApp.release.xcconfig"; sourceTree = "<group>"; };
		916214B501B6DC9F2BA9FD29 /* Pods-CocktailApp-CocktailAppUITests.release.xcconfig */ = {isa = PBXFileReference; includeInIndex = 1; lastKnownFileType = text.xcconfig; name = "Pods-CocktailApp-CocktailAppUITests.release.xcconfig"; path = "Target Support Files/Pods-CocktailApp-CocktailAppUITests/Pods-CocktailApp-CocktailAppUITests.release.xcconfig"; sourceTree = "<group>"; };
		977593E87E3213D433E3782C /* Pods_CocktailApp_CocktailAppUITests.framework */ = {isa = PBXFileReference; explicitFileType = wrapper.framework; includeInIndex = 0; path = Pods_CocktailApp_CocktailAppUITests.framework; sourceTree = BUILT_PRODUCTS_DIR; };
		9F338E60DE7AED84DD4FD401 /* Pods-CocktailApp.debug.xcconfig */ = {isa = PBXFileReference; includeInIndex = 1; lastKnownFileType = text.xcconfig; name = "Pods-CocktailApp.debug.xcconfig"; path = "Target Support Files/Pods-CocktailApp/Pods-CocktailApp.debug.xcconfig"; sourceTree = "<group>"; };
		A0272AEB286B75FB00B55F86 /* Communicator.swift */ = {isa = PBXFileReference; lastKnownFileType = sourcecode.swift; path = Communicator.swift; sourceTree = "<group>"; };
		A0272AED286B761400B55F86 /* DrinkDto.swift */ = {isa = PBXFileReference; lastKnownFileType = sourcecode.swift; path = DrinkDto.swift; sourceTree = "<group>"; };
		A0272AEF286B763500B55F86 /* DrinksDto.swift */ = {isa = PBXFileReference; lastKnownFileType = sourcecode.swift; path = DrinksDto.swift; sourceTree = "<group>"; };
		A0843A622860EED0008826E0 /* CocktailApp.app */ = {isa = PBXFileReference; explicitFileType = wrapper.application; includeInIndex = 0; path = CocktailApp.app; sourceTree = BUILT_PRODUCTS_DIR; };
		A0843A652860EED0008826E0 /* CocktailAppApp.swift */ = {isa = PBXFileReference; lastKnownFileType = sourcecode.swift; path = CocktailAppApp.swift; sourceTree = "<group>"; };
		A0843A672860EED0008826E0 /* CoreDataView.swift */ = {isa = PBXFileReference; lastKnownFileType = sourcecode.swift; path = CoreDataView.swift; sourceTree = "<group>"; };
		A0843A692860EED4008826E0 /* Assets.xcassets */ = {isa = PBXFileReference; lastKnownFileType = folder.assetcatalog; path = Assets.xcassets; sourceTree = "<group>"; };
		A0843A6C2860EED4008826E0 /* Preview Assets.xcassets */ = {isa = PBXFileReference; lastKnownFileType = folder.assetcatalog; path = "Preview Assets.xcassets"; sourceTree = "<group>"; };
		A0843A6E2860EED4008826E0 /* Persistence.swift */ = {isa = PBXFileReference; lastKnownFileType = sourcecode.swift; path = Persistence.swift; sourceTree = "<group>"; };
		A0843A712860EED4008826E0 /* CocktailApp.xcdatamodel */ = {isa = PBXFileReference; lastKnownFileType = wrapper.xcdatamodel; path = CocktailApp.xcdatamodel; sourceTree = "<group>"; };
		A0843A772860EED4008826E0 /* CocktailAppTests.xctest */ = {isa = PBXFileReference; explicitFileType = wrapper.cfbundle; includeInIndex = 0; path = CocktailAppTests.xctest; sourceTree = BUILT_PRODUCTS_DIR; };
		A0843A7B2860EED4008826E0 /* CocktailAppTests.swift */ = {isa = PBXFileReference; lastKnownFileType = sourcecode.swift; path = CocktailAppTests.swift; sourceTree = "<group>"; };
		A0843A812860EED4008826E0 /* CocktailAppUITests.xctest */ = {isa = PBXFileReference; explicitFileType = wrapper.cfbundle; includeInIndex = 0; path = CocktailAppUITests.xctest; sourceTree = BUILT_PRODUCTS_DIR; };
		A0843A852860EED4008826E0 /* CocktailAppUITests.swift */ = {isa = PBXFileReference; lastKnownFileType = sourcecode.swift; path = CocktailAppUITests.swift; sourceTree = "<group>"; };
		A0843A872860EED4008826E0 /* CocktailAppUITestsLaunchTests.swift */ = {isa = PBXFileReference; lastKnownFileType = sourcecode.swift; path = CocktailAppUITestsLaunchTests.swift; sourceTree = "<group>"; };
		A0843A9C2860F3D6008826E0 /* CocktailsListView.swift */ = {isa = PBXFileReference; lastKnownFileType = sourcecode.swift; path = CocktailsListView.swift; sourceTree = "<group>"; };
		A0843A9E2860F46F008826E0 /* CocktailsListViewModel.swift */ = {isa = PBXFileReference; lastKnownFileType = sourcecode.swift; path = CocktailsListViewModel.swift; sourceTree = "<group>"; };
		A0843AA02860F4AF008826E0 /* Cocktail.swift */ = {isa = PBXFileReference; lastKnownFileType = sourcecode.swift; path = Cocktail.swift; sourceTree = "<group>"; };
		A0843AA22860F70C008826E0 /* CocktailRowViewModel.swift */ = {isa = PBXFileReference; lastKnownFileType = sourcecode.swift; path = CocktailRowViewModel.swift; sourceTree = "<group>"; };
		A0843AA42860F77D008826E0 /* CocktailRowView.swift */ = {isa = PBXFileReference; lastKnownFileType = sourcecode.swift; path = CocktailRowView.swift; sourceTree = "<group>"; };
		A0843AA62860F997008826E0 /* CocktailDetailView.swift */ = {isa = PBXFileReference; lastKnownFileType = sourcecode.swift; path = CocktailDetailView.swift; sourceTree = "<group>"; };
		A0843AA828610813008826E0 /* CocktailDetailViewModel.swift */ = {isa = PBXFileReference; lastKnownFileType = sourcecode.swift; path = CocktailDetailViewModel.swift; sourceTree = "<group>"; };
		A7C32EE3E025C8EBDE42EC27 /* Pods-CocktailAppTests.release.xcconfig */ = {isa = PBXFileReference; includeInIndex = 1; lastKnownFileType = text.xcconfig; name = "Pods-CocktailAppTests.release.xcconfig"; path = "Target Support Files/Pods-CocktailAppTests/Pods-CocktailAppTests.release.xcconfig"; sourceTree = "<group>"; };
		BEBC1A8CCAF25A0EC6A8A05E /* Pods_CocktailApp.framework */ = {isa = PBXFileReference; explicitFileType = wrapper.framework; includeInIndex = 0; path = Pods_CocktailApp.framework; sourceTree = BUILT_PRODUCTS_DIR; };
		D1DF992F21F6A42143704E74 /* Pods-CocktailAppTests.debug.xcconfig */ = {isa = PBXFileReference; includeInIndex = 1; lastKnownFileType = text.xcconfig; name = "Pods-CocktailAppTests.debug.xcconfig"; path = "Target Support Files/Pods-CocktailAppTests/Pods-CocktailAppTests.debug.xcconfig"; sourceTree = "<group>"; };
/* End PBXFileReference section */

/* Begin PBXFrameworksBuildPhase section */
		A0843A5F2860EED0008826E0 /* Frameworks */ = {
			isa = PBXFrameworksBuildPhase;
			buildActionMask = 2147483647;
			files = (
				0B8D985C21FAFC65B58912AD /* Pods_CocktailApp.framework in Frameworks */,
			);
			runOnlyForDeploymentPostprocessing = 0;
		};
		A0843A742860EED4008826E0 /* Frameworks */ = {
			isa = PBXFrameworksBuildPhase;
			buildActionMask = 2147483647;
			files = (
				89840220049D60046FE24AED /* Pods_CocktailAppTests.framework in Frameworks */,
			);
			runOnlyForDeploymentPostprocessing = 0;
		};
		A0843A7E2860EED4008826E0 /* Frameworks */ = {
			isa = PBXFrameworksBuildPhase;
			buildActionMask = 2147483647;
			files = (
				9B3DAC5589DE4D39375ED3A5 /* Pods_CocktailApp_CocktailAppUITests.framework in Frameworks */,
			);
			runOnlyForDeploymentPostprocessing = 0;
		};
/* End PBXFrameworksBuildPhase section */

/* Begin PBXGroup section */
		1E2219F45E6E35DD40317CB1 /* Frameworks */ = {
			isa = PBXGroup;
			children = (
				BEBC1A8CCAF25A0EC6A8A05E /* Pods_CocktailApp.framework */,
				977593E87E3213D433E3782C /* Pods_CocktailApp_CocktailAppUITests.framework */,
				5275C0C9EBFA3E5EB7C0D669 /* Pods_CocktailAppTests.framework */,
			);
			name = Frameworks;
			sourceTree = "<group>";
		};
		5AD5A0A00E9470E7E1F4F0BD /* Pods */ = {
			isa = PBXGroup;
			children = (
				9F338E60DE7AED84DD4FD401 /* Pods-CocktailApp.debug.xcconfig */,
				8F2F77B7BCE71600E5DAA6CA /* Pods-CocktailApp.release.xcconfig */,
				2B62E1F4225394E16F67FF93 /* Pods-CocktailApp-CocktailAppUITests.debug.xcconfig */,
				916214B501B6DC9F2BA9FD29 /* Pods-CocktailApp-CocktailAppUITests.release.xcconfig */,
				D1DF992F21F6A42143704E74 /* Pods-CocktailAppTests.debug.xcconfig */,
				A7C32EE3E025C8EBDE42EC27 /* Pods-CocktailAppTests.release.xcconfig */,
			);
			path = Pods;
			sourceTree = "<group>";
		};
		A0272AE8286B74CE00B55F86 /* Modules */ = {
			isa = PBXGroup;
			children = (
				A0272AEA286B74F400B55F86 /* Cocktail Detail */,
				A0272AE9286B74E200B55F86 /* Cocktail List */,
			);
			path = Modules;
			sourceTree = "<group>";
		};
		A0272AE9286B74E200B55F86 /* Cocktail List */ = {
			isa = PBXGroup;
			children = (
				A0843A9C2860F3D6008826E0 /* CocktailsListView.swift */,
				A0843A9E2860F46F008826E0 /* CocktailsListViewModel.swift */,
				A0843AA42860F77D008826E0 /* CocktailRowView.swift */,
				A0843AA22860F70C008826E0 /* CocktailRowViewModel.swift */,
				A0843AA02860F4AF008826E0 /* Cocktail.swift */,
			);
			path = "Cocktail List";
			sourceTree = "<group>";
		};
		A0272AEA286B74F400B55F86 /* Cocktail Detail */ = {
			isa = PBXGroup;
			children = (
				A0843AA828610813008826E0 /* CocktailDetailViewModel.swift */,
				A0843AA62860F997008826E0 /* CocktailDetailView.swift */,
			);
			path = "Cocktail Detail";
			sourceTree = "<group>";
		};
		A0272AF1286B9B8000B55F86 /* Dependency Injection */ = {
			isa = PBXGroup;
			children = (
			);
			path = "Dependency Injection";
			sourceTree = "<group>";
		};
		A0272AF2286B9B8D00B55F86 /* Networking */ = {
			isa = PBXGroup;
			children = (
				A0272AEB286B75FB00B55F86 /* Communicator.swift */,
			);
			path = Networking;
			sourceTree = "<group>";
		};
		A0843A592860EED0008826E0 = {
			isa = PBXGroup;
			children = (
				A0843A642860EED0008826E0 /* CocktailApp */,
				A0843A7A2860EED4008826E0 /* CocktailAppTests */,
				A0843A842860EED4008826E0 /* CocktailAppUITests */,
				A0843A632860EED0008826E0 /* Products */,
				5AD5A0A00E9470E7E1F4F0BD /* Pods */,
				1E2219F45E6E35DD40317CB1 /* Frameworks */,
			);
			sourceTree = "<group>";
		};
		A0843A632860EED0008826E0 /* Products */ = {
			isa = PBXGroup;
			children = (
				A0843A622860EED0008826E0 /* CocktailApp.app */,
				A0843A772860EED4008826E0 /* CocktailAppTests.xctest */,
				A0843A812860EED4008826E0 /* CocktailAppUITests.xctest */,
			);
			name = Products;
			sourceTree = "<group>";
		};
		A0843A642860EED0008826E0 /* CocktailApp */ = {
			isa = PBXGroup;
			children = (
				A0843A972860F251008826E0 /* Services */,
				A0843A952860F241008826E0 /* Models */,
				A0272AE8286B74CE00B55F86 /* Modules */,
				A0843A982860F258008826E0 /* UI */,
				A0843A942860F223008826E0 /* CoreDataDemo */,
				A0843A652860EED0008826E0 /* CocktailAppApp.swift */,
				A0843A692860EED4008826E0 /* Assets.xcassets */,
				A0843A6B2860EED4008826E0 /* Preview Content */,
			);
			path = CocktailApp;
			sourceTree = "<group>";
		};
		A0843A6B2860EED4008826E0 /* Preview Content */ = {
			isa = PBXGroup;
			children = (
				A0843A6C2860EED4008826E0 /* Preview Assets.xcassets */,
			);
			path = "Preview Content";
			sourceTree = "<group>";
		};
		A0843A7A2860EED4008826E0 /* CocktailAppTests */ = {
			isa = PBXGroup;
			children = (
				A0843A7B2860EED4008826E0 /* CocktailAppTests.swift */,
			);
			path = CocktailAppTests;
			sourceTree = "<group>";
		};
		A0843A842860EED4008826E0 /* CocktailAppUITests */ = {
			isa = PBXGroup;
			children = (
				A0843A852860EED4008826E0 /* CocktailAppUITests.swift */,
				A0843A872860EED4008826E0 /* CocktailAppUITestsLaunchTests.swift */,
			);
			path = CocktailAppUITests;
			sourceTree = "<group>";
		};
		A0843A942860F223008826E0 /* CoreDataDemo */ = {
			isa = PBXGroup;
			children = (
				A0843A672860EED0008826E0 /* CoreDataView.swift */,
				A0843A6E2860EED4008826E0 /* Persistence.swift */,
				A0843A702860EED4008826E0 /* CocktailApp.xcdatamodeld */,
			);
			path = CoreDataDemo;
			sourceTree = "<group>";
		};
		A0843A952860F241008826E0 /* Models */ = {
			isa = PBXGroup;
			children = (
				A0272AED286B761400B55F86 /* DrinkDto.swift */,
				A0272AEF286B763500B55F86 /* DrinksDto.swift */,
			);
			path = Models;
			sourceTree = "<group>";
		};
		A0843A972860F251008826E0 /* Services */ = {
			isa = PBXGroup;
			children = (
				A0272AF1286B9B8000B55F86 /* Dependency Injection */,
				A0272AF2286B9B8D00B55F86 /* Networking */,
			);
			path = Services;
			sourceTree = "<group>";
		};
		A0843A982860F258008826E0 /* UI */ = {
			isa = PBXGroup;
			children = (
			);
			path = UI;
			sourceTree = "<group>";
		};
/* End PBXGroup section */

/* Begin PBXNativeTarget section */
		A0843A612860EED0008826E0 /* CocktailApp */ = {
			isa = PBXNativeTarget;
			buildConfigurationList = A0843A8B2860EED4008826E0 /* Build configuration list for PBXNativeTarget "CocktailApp" */;
			buildPhases = (
				DD60105AC01180833B311B87 /* [CP] Check Pods Manifest.lock */,
				A0843A5E2860EED0008826E0 /* Sources */,
				A0843A5F2860EED0008826E0 /* Frameworks */,
				A0843A602860EED0008826E0 /* Resources */,
				12DDE7F878877AF7B8B425C1 /* [CP] Embed Pods Frameworks */,
			);
			buildRules = (
			);
			dependencies = (
			);
			name = CocktailApp;
			productName = CocktailApp;
			productReference = A0843A622860EED0008826E0 /* CocktailApp.app */;
			productType = "com.apple.product-type.application";
		};
		A0843A762860EED4008826E0 /* CocktailAppTests */ = {
			isa = PBXNativeTarget;
			buildConfigurationList = A0843A8E2860EED4008826E0 /* Build configuration list for PBXNativeTarget "CocktailAppTests" */;
			buildPhases = (
				19396AB8F05D56BC2E0F7407 /* [CP] Check Pods Manifest.lock */,
				A0843A732860EED4008826E0 /* Sources */,
				A0843A742860EED4008826E0 /* Frameworks */,
				A0843A752860EED4008826E0 /* Resources */,
			);
			buildRules = (
			);
			dependencies = (
				A0843A792860EED4008826E0 /* PBXTargetDependency */,
			);
			name = CocktailAppTests;
			productName = CocktailAppTests;
			productReference = A0843A772860EED4008826E0 /* CocktailAppTests.xctest */;
			productType = "com.apple.product-type.bundle.unit-test";
		};
		A0843A802860EED4008826E0 /* CocktailAppUITests */ = {
			isa = PBXNativeTarget;
			buildConfigurationList = A0843A912860EED4008826E0 /* Build configuration list for PBXNativeTarget "CocktailAppUITests" */;
			buildPhases = (
				A19451F992E87F31CF468FA4 /* [CP] Check Pods Manifest.lock */,
				A0843A7D2860EED4008826E0 /* Sources */,
				A0843A7E2860EED4008826E0 /* Frameworks */,
				A0843A7F2860EED4008826E0 /* Resources */,
				B0EAD52A0413E935EC8241B4 /* [CP] Embed Pods Frameworks */,
			);
			buildRules = (
			);
			dependencies = (
				A0843A832860EED4008826E0 /* PBXTargetDependency */,
			);
			name = CocktailAppUITests;
			productName = CocktailAppUITests;
			productReference = A0843A812860EED4008826E0 /* CocktailAppUITests.xctest */;
			productType = "com.apple.product-type.bundle.ui-testing";
		};
/* End PBXNativeTarget section */

/* Begin PBXProject section */
		A0843A5A2860EED0008826E0 /* Project object */ = {
			isa = PBXProject;
			attributes = {
				BuildIndependentTargetsInParallel = 1;
				LastSwiftUpdateCheck = 1340;
				LastUpgradeCheck = 1340;
				TargetAttributes = {
					A0843A612860EED0008826E0 = {
						CreatedOnToolsVersion = 13.4.1;
					};
					A0843A762860EED4008826E0 = {
						CreatedOnToolsVersion = 13.4.1;
						TestTargetID = A0843A612860EED0008826E0;
					};
					A0843A802860EED4008826E0 = {
						CreatedOnToolsVersion = 13.4.1;
						TestTargetID = A0843A612860EED0008826E0;
					};
				};
			};
			buildConfigurationList = A0843A5D2860EED0008826E0 /* Build configuration list for PBXProject "CocktailApp" */;
			compatibilityVersion = "Xcode 13.0";
			developmentRegion = en;
			hasScannedForEncodings = 0;
			knownRegions = (
				en,
				Base,
			);
			mainGroup = A0843A592860EED0008826E0;
			productRefGroup = A0843A632860EED0008826E0 /* Products */;
			projectDirPath = "";
			projectRoot = "";
			targets = (
				A0843A612860EED0008826E0 /* CocktailApp */,
				A0843A762860EED4008826E0 /* CocktailAppTests */,
				A0843A802860EED4008826E0 /* CocktailAppUITests */,
			);
		};
/* End PBXProject section */

/* Begin PBXResourcesBuildPhase section */
		A0843A602860EED0008826E0 /* Resources */ = {
			isa = PBXResourcesBuildPhase;
			buildActionMask = 2147483647;
			files = (
				A0843A6D2860EED4008826E0 /* Preview Assets.xcassets in Resources */,
				A0843A6A2860EED4008826E0 /* Assets.xcassets in Resources */,
			);
			runOnlyForDeploymentPostprocessing = 0;
		};
		A0843A752860EED4008826E0 /* Resources */ = {
			isa = PBXResourcesBuildPhase;
			buildActionMask = 2147483647;
			files = (
			);
			runOnlyForDeploymentPostprocessing = 0;
		};
		A0843A7F2860EED4008826E0 /* Resources */ = {
			isa = PBXResourcesBuildPhase;
			buildActionMask = 2147483647;
			files = (
			);
			runOnlyForDeploymentPostprocessing = 0;
		};
/* End PBXResourcesBuildPhase section */

/* Begin PBXShellScriptBuildPhase section */
		12DDE7F878877AF7B8B425C1 /* [CP] Embed Pods Frameworks */ = {
			isa = PBXShellScriptBuildPhase;
			buildActionMask = 2147483647;
			files = (
			);
			inputFileListPaths = (
				"${PODS_ROOT}/Target Support Files/Pods-CocktailApp/Pods-CocktailApp-frameworks-${CONFIGURATION}-input-files.xcfilelist",
			);
			name = "[CP] Embed Pods Frameworks";
			outputFileListPaths = (
				"${PODS_ROOT}/Target Support Files/Pods-CocktailApp/Pods-CocktailApp-frameworks-${CONFIGURATION}-output-files.xcfilelist",
			);
			runOnlyForDeploymentPostprocessing = 0;
			shellPath = /bin/sh;
			shellScript = "\"${PODS_ROOT}/Target Support Files/Pods-CocktailApp/Pods-CocktailApp-frameworks.sh\"\n";
			showEnvVarsInLog = 0;
		};
		19396AB8F05D56BC2E0F7407 /* [CP] Check Pods Manifest.lock */ = {
			isa = PBXShellScriptBuildPhase;
			buildActionMask = 2147483647;
			files = (
			);
			inputFileListPaths = (
			);
			inputPaths = (
				"${PODS_PODFILE_DIR_PATH}/Podfile.lock",
				"${PODS_ROOT}/Manifest.lock",
			);
			name = "[CP] Check Pods Manifest.lock";
			outputFileListPaths = (
			);
			outputPaths = (
				"$(DERIVED_FILE_DIR)/Pods-CocktailAppTests-checkManifestLockResult.txt",
			);
			runOnlyForDeploymentPostprocessing = 0;
			shellPath = /bin/sh;
			shellScript = "diff \"${PODS_PODFILE_DIR_PATH}/Podfile.lock\" \"${PODS_ROOT}/Manifest.lock\" > /dev/null\nif [ $? != 0 ] ; then\n    # print error to STDERR\n    echo \"error: The sandbox is not in sync with the Podfile.lock. Run 'pod install' or update your CocoaPods installation.\" >&2\n    exit 1\nfi\n# This output is used by Xcode 'outputs' to avoid re-running this script phase.\necho \"SUCCESS\" > \"${SCRIPT_OUTPUT_FILE_0}\"\n";
			showEnvVarsInLog = 0;
		};
		A19451F992E87F31CF468FA4 /* [CP] Check Pods Manifest.lock */ = {
			isa = PBXShellScriptBuildPhase;
			buildActionMask = 2147483647;
			files = (
			);
			inputFileListPaths = (
			);
			inputPaths = (
				"${PODS_PODFILE_DIR_PATH}/Podfile.lock",
				"${PODS_ROOT}/Manifest.lock",
			);
			name = "[CP] Check Pods Manifest.lock";
			outputFileListPaths = (
			);
			outputPaths = (
				"$(DERIVED_FILE_DIR)/Pods-CocktailApp-CocktailAppUITests-checkManifestLockResult.txt",
			);
			runOnlyForDeploymentPostprocessing = 0;
			shellPath = /bin/sh;
			shellScript = "diff \"${PODS_PODFILE_DIR_PATH}/Podfile.lock\" \"${PODS_ROOT}/Manifest.lock\" > /dev/null\nif [ $? != 0 ] ; then\n    # print error to STDERR\n    echo \"error: The sandbox is not in sync with the Podfile.lock. Run 'pod install' or update your CocoaPods installation.\" >&2\n    exit 1\nfi\n# This output is used by Xcode 'outputs' to avoid re-running this script phase.\necho \"SUCCESS\" > \"${SCRIPT_OUTPUT_FILE_0}\"\n";
			showEnvVarsInLog = 0;
		};
		B0EAD52A0413E935EC8241B4 /* [CP] Embed Pods Frameworks */ = {
			isa = PBXShellScriptBuildPhase;
			buildActionMask = 2147483647;
			files = (
			);
			inputFileListPaths = (
				"${PODS_ROOT}/Target Support Files/Pods-CocktailApp-CocktailAppUITests/Pods-CocktailApp-CocktailAppUITests-frameworks-${CONFIGURATION}-input-files.xcfilelist",
			);
			name = "[CP] Embed Pods Frameworks";
			outputFileListPaths = (
				"${PODS_ROOT}/Target Support Files/Pods-CocktailApp-CocktailAppUITests/Pods-CocktailApp-CocktailAppUITests-frameworks-${CONFIGURATION}-output-files.xcfilelist",
			);
			runOnlyForDeploymentPostprocessing = 0;
			shellPath = /bin/sh;
			shellScript = "\"${PODS_ROOT}/Target Support Files/Pods-CocktailApp-CocktailAppUITests/Pods-CocktailApp-CocktailAppUITests-frameworks.sh\"\n";
			showEnvVarsInLog = 0;
		};
		DD60105AC01180833B311B87 /* [CP] Check Pods Manifest.lock */ = {
			isa = PBXShellScriptBuildPhase;
			buildActionMask = 2147483647;
			files = (
			);
			inputFileListPaths = (
			);
			inputPaths = (
				"${PODS_PODFILE_DIR_PATH}/Podfile.lock",
				"${PODS_ROOT}/Manifest.lock",
			);
			name = "[CP] Check Pods Manifest.lock";
			outputFileListPaths = (
			);
			outputPaths = (
				"$(DERIVED_FILE_DIR)/Pods-CocktailApp-checkManifestLockResult.txt",
			);
			runOnlyForDeploymentPostprocessing = 0;
			shellPath = /bin/sh;
			shellScript = "diff \"${PODS_PODFILE_DIR_PATH}/Podfile.lock\" \"${PODS_ROOT}/Manifest.lock\" > /dev/null\nif [ $? != 0 ] ; then\n    # print error to STDERR\n    echo \"error: The sandbox is not in sync with the Podfile.lock. Run 'pod install' or update your CocoaPods installation.\" >&2\n    exit 1\nfi\n# This output is used by Xcode 'outputs' to avoid re-running this script phase.\necho \"SUCCESS\" > \"${SCRIPT_OUTPUT_FILE_0}\"\n";
			showEnvVarsInLog = 0;
		};
/* End PBXShellScriptBuildPhase section */

/* Begin PBXSourcesBuildPhase section */
		A0843A5E2860EED0008826E0 /* Sources */ = {
			isa = PBXSourcesBuildPhase;
			buildActionMask = 2147483647;
			files = (
				A0843AA12860F4AF008826E0 /* Cocktail.swift in Sources */,
				A0843AA928610813008826E0 /* CocktailDetailViewModel.swift in Sources */,
				A0843AA52860F77D008826E0 /* CocktailRowView.swift in Sources */,
				A0843A6F2860EED4008826E0 /* Persistence.swift in Sources */,
				A0843AA72860F997008826E0 /* CocktailDetailView.swift in Sources */,
				A0843A682860EED0008826E0 /* CoreDataView.swift in Sources */,
				A0272AF0286B763500B55F86 /* DrinksDto.swift in Sources */,
				A0272AEC286B75FB00B55F86 /* Communicator.swift in Sources */,
				A0272AEE286B761400B55F86 /* DrinkDto.swift in Sources */,
				A0843AA32860F70C008826E0 /* CocktailRowViewModel.swift in Sources */,
				A0843A662860EED0008826E0 /* CocktailAppApp.swift in Sources */,
				A0843A722860EED4008826E0 /* CocktailApp.xcdatamodeld in Sources */,
				A0843A9F2860F46F008826E0 /* CocktailsListViewModel.swift in Sources */,
				A0843A9D2860F3D6008826E0 /* CocktailsListView.swift in Sources */,
			);
			runOnlyForDeploymentPostprocessing = 0;
		};
		A0843A732860EED4008826E0 /* Sources */ = {
			isa = PBXSourcesBuildPhase;
			buildActionMask = 2147483647;
			files = (
				A0843A7C2860EED4008826E0 /* CocktailAppTests.swift in Sources */,
			);
			runOnlyForDeploymentPostprocessing = 0;
		};
		A0843A7D2860EED4008826E0 /* Sources */ = {
			isa = PBXSourcesBuildPhase;
			buildActionMask = 2147483647;
			files = (
				A0843A882860EED4008826E0 /* CocktailAppUITestsLaunchTests.swift in Sources */,
				A0843A862860EED4008826E0 /* CocktailAppUITests.swift in Sources */,
			);
			runOnlyForDeploymentPostprocessing = 0;
		};
/* End PBXSourcesBuildPhase section */

/* Begin PBXTargetDependency section */
		A0843A792860EED4008826E0 /* PBXTargetDependency */ = {
			isa = PBXTargetDependency;
			target = A0843A612860EED0008826E0 /* CocktailApp */;
			targetProxy = A0843A782860EED4008826E0 /* PBXContainerItemProxy */;
		};
		A0843A832860EED4008826E0 /* PBXTargetDependency */ = {
			isa = PBXTargetDependency;
			target = A0843A612860EED0008826E0 /* CocktailApp */;
			targetProxy = A0843A822860EED4008826E0 /* PBXContainerItemProxy */;
		};
/* End PBXTargetDependency section */

/* Begin XCBuildConfiguration section */
		A0843A892860EED4008826E0 /* Debug */ = {
			isa = XCBuildConfiguration;
			buildSettings = {
				ALWAYS_SEARCH_USER_PATHS = NO;
				CLANG_ANALYZER_NONNULL = YES;
				CLANG_ANALYZER_NUMBER_OBJECT_CONVERSION = YES_AGGRESSIVE;
				CLANG_CXX_LANGUAGE_STANDARD = "gnu++17";
				CLANG_ENABLE_MODULES = YES;
				CLANG_ENABLE_OBJC_ARC = YES;
				CLANG_ENABLE_OBJC_WEAK = YES;
				CLANG_WARN_BLOCK_CAPTURE_AUTORELEASING = YES;
				CLANG_WARN_BOOL_CONVERSION = YES;
				CLANG_WARN_COMMA = YES;
				CLANG_WARN_CONSTANT_CONVERSION = YES;
				CLANG_WARN_DEPRECATED_OBJC_IMPLEMENTATIONS = YES;
				CLANG_WARN_DIRECT_OBJC_ISA_USAGE = YES_ERROR;
				CLANG_WARN_DOCUMENTATION_COMMENTS = YES;
				CLANG_WARN_EMPTY_BODY = YES;
				CLANG_WARN_ENUM_CONVERSION = YES;
				CLANG_WARN_INFINITE_RECURSION = YES;
				CLANG_WARN_INT_CONVERSION = YES;
				CLANG_WARN_NON_LITERAL_NULL_CONVERSION = YES;
				CLANG_WARN_OBJC_IMPLICIT_RETAIN_SELF = YES;
				CLANG_WARN_OBJC_LITERAL_CONVERSION = YES;
				CLANG_WARN_OBJC_ROOT_CLASS = YES_ERROR;
				CLANG_WARN_QUOTED_INCLUDE_IN_FRAMEWORK_HEADER = YES;
				CLANG_WARN_RANGE_LOOP_ANALYSIS = YES;
				CLANG_WARN_STRICT_PROTOTYPES = YES;
				CLANG_WARN_SUSPICIOUS_MOVE = YES;
				CLANG_WARN_UNGUARDED_AVAILABILITY = YES_AGGRESSIVE;
				CLANG_WARN_UNREACHABLE_CODE = YES;
				CLANG_WARN__DUPLICATE_METHOD_MATCH = YES;
				COPY_PHASE_STRIP = NO;
				DEBUG_INFORMATION_FORMAT = dwarf;
				ENABLE_STRICT_OBJC_MSGSEND = YES;
				ENABLE_TESTABILITY = YES;
				GCC_C_LANGUAGE_STANDARD = gnu11;
				GCC_DYNAMIC_NO_PIC = NO;
				GCC_NO_COMMON_BLOCKS = YES;
				GCC_OPTIMIZATION_LEVEL = 0;
				GCC_PREPROCESSOR_DEFINITIONS = (
					"DEBUG=1",
					"$(inherited)",
				);
				GCC_WARN_64_TO_32_BIT_CONVERSION = YES;
				GCC_WARN_ABOUT_RETURN_TYPE = YES_ERROR;
				GCC_WARN_UNDECLARED_SELECTOR = YES;
				GCC_WARN_UNINITIALIZED_AUTOS = YES_AGGRESSIVE;
				GCC_WARN_UNUSED_FUNCTION = YES;
				GCC_WARN_UNUSED_VARIABLE = YES;
				IPHONEOS_DEPLOYMENT_TARGET = 15.5;
				MTL_ENABLE_DEBUG_INFO = INCLUDE_SOURCE;
				MTL_FAST_MATH = YES;
				ONLY_ACTIVE_ARCH = YES;
				SDKROOT = iphoneos;
				SWIFT_ACTIVE_COMPILATION_CONDITIONS = DEBUG;
				SWIFT_OPTIMIZATION_LEVEL = "-Onone";
			};
			name = Debug;
		};
		A0843A8A2860EED4008826E0 /* Release */ = {
			isa = XCBuildConfiguration;
			buildSettings = {
				ALWAYS_SEARCH_USER_PATHS = NO;
				CLANG_ANALYZER_NONNULL = YES;
				CLANG_ANALYZER_NUMBER_OBJECT_CONVERSION = YES_AGGRESSIVE;
				CLANG_CXX_LANGUAGE_STANDARD = "gnu++17";
				CLANG_ENABLE_MODULES = YES;
				CLANG_ENABLE_OBJC_ARC = YES;
				CLANG_ENABLE_OBJC_WEAK = YES;
				CLANG_WARN_BLOCK_CAPTURE_AUTORELEASING = YES;
				CLANG_WARN_BOOL_CONVERSION = YES;
				CLANG_WARN_COMMA = YES;
				CLANG_WARN_CONSTANT_CONVERSION = YES;
				CLANG_WARN_DEPRECATED_OBJC_IMPLEMENTATIONS = YES;
				CLANG_WARN_DIRECT_OBJC_ISA_USAGE = YES_ERROR;
				CLANG_WARN_DOCUMENTATION_COMMENTS = YES;
				CLANG_WARN_EMPTY_BODY = YES;
				CLANG_WARN_ENUM_CONVERSION = YES;
				CLANG_WARN_INFINITE_RECURSION = YES;
				CLANG_WARN_INT_CONVERSION = YES;
				CLANG_WARN_NON_LITERAL_NULL_CONVERSION = YES;
				CLANG_WARN_OBJC_IMPLICIT_RETAIN_SELF = YES;
				CLANG_WARN_OBJC_LITERAL_CONVERSION = YES;
				CLANG_WARN_OBJC_ROOT_CLASS = YES_ERROR;
				CLANG_WARN_QUOTED_INCLUDE_IN_FRAMEWORK_HEADER = YES;
				CLANG_WARN_RANGE_LOOP_ANALYSIS = YES;
				CLANG_WARN_STRICT_PROTOTYPES = YES;
				CLANG_WARN_SUSPICIOUS_MOVE = YES;
				CLANG_WARN_UNGUARDED_AVAILABILITY = YES_AGGRESSIVE;
				CLANG_WARN_UNREACHABLE_CODE = YES;
				CLANG_WARN__DUPLICATE_METHOD_MATCH = YES;
				COPY_PHASE_STRIP = NO;
				DEBUG_INFORMATION_FORMAT = "dwarf-with-dsym";
				ENABLE_NS_ASSERTIONS = NO;
				ENABLE_STRICT_OBJC_MSGSEND = YES;
				GCC_C_LANGUAGE_STANDARD = gnu11;
				GCC_NO_COMMON_BLOCKS = YES;
				GCC_WARN_64_TO_32_BIT_CONVERSION = YES;
				GCC_WARN_ABOUT_RETURN_TYPE = YES_ERROR;
				GCC_WARN_UNDECLARED_SELECTOR = YES;
				GCC_WARN_UNINITIALIZED_AUTOS = YES_AGGRESSIVE;
				GCC_WARN_UNUSED_FUNCTION = YES;
				GCC_WARN_UNUSED_VARIABLE = YES;
				IPHONEOS_DEPLOYMENT_TARGET = 15.5;
				MTL_ENABLE_DEBUG_INFO = NO;
				MTL_FAST_MATH = YES;
				SDKROOT = iphoneos;
				SWIFT_COMPILATION_MODE = wholemodule;
				SWIFT_OPTIMIZATION_LEVEL = "-O";
				VALIDATE_PRODUCT = YES;
			};
			name = Release;
		};
		A0843A8C2860EED4008826E0 /* Debug */ = {
			isa = XCBuildConfiguration;
			baseConfigurationReference = 9F338E60DE7AED84DD4FD401 /* Pods-CocktailApp.debug.xcconfig */;
			buildSettings = {
				ASSETCATALOG_COMPILER_APPICON_NAME = AppIcon;
				ASSETCATALOG_COMPILER_GLOBAL_ACCENT_COLOR_NAME = AccentColor;
				CODE_SIGN_STYLE = Automatic;
				CURRENT_PROJECT_VERSION = 1;
				DEVELOPMENT_ASSET_PATHS = "\"CocktailApp/Preview Content\"";
				DEVELOPMENT_TEAM = SWGF9RULN4;
				ENABLE_PREVIEWS = YES;
				GENERATE_INFOPLIST_FILE = YES;
				INFOPLIST_KEY_UIApplicationSceneManifest_Generation = YES;
				INFOPLIST_KEY_UIApplicationSupportsIndirectInputEvents = YES;
				INFOPLIST_KEY_UILaunchScreen_Generation = YES;
				INFOPLIST_KEY_UISupportedInterfaceOrientations_iPad = "UIInterfaceOrientationPortrait UIInterfaceOrientationPortraitUpsideDown UIInterfaceOrientationLandscapeLeft UIInterfaceOrientationLandscapeRight";
				INFOPLIST_KEY_UISupportedInterfaceOrientations_iPhone = "UIInterfaceOrientationPortrait UIInterfaceOrientationLandscapeLeft UIInterfaceOrientationLandscapeRight";
				LD_RUNPATH_SEARCH_PATHS = (
					"$(inherited)",
					"@executable_path/Frameworks",
				);
				MARKETING_VERSION = 1.0;
				PRODUCT_BUNDLE_IDENTIFIER = com.tesonet.CocktailApp;
				PRODUCT_NAME = "$(TARGET_NAME)";
				SWIFT_EMIT_LOC_STRINGS = YES;
				SWIFT_VERSION = 5.0;
				TARGETED_DEVICE_FAMILY = "1,2";
			};
			name = Debug;
		};
		A0843A8D2860EED4008826E0 /* Release */ = {
			isa = XCBuildConfiguration;
			baseConfigurationReference = 8F2F77B7BCE71600E5DAA6CA /* Pods-CocktailApp.release.xcconfig */;
			buildSettings = {
				ASSETCATALOG_COMPILER_APPICON_NAME = AppIcon;
				ASSETCATALOG_COMPILER_GLOBAL_ACCENT_COLOR_NAME = AccentColor;
				CODE_SIGN_STYLE = Automatic;
				CURRENT_PROJECT_VERSION = 1;
				DEVELOPMENT_ASSET_PATHS = "\"CocktailApp/Preview Content\"";
				DEVELOPMENT_TEAM = SWGF9RULN4;
				ENABLE_PREVIEWS = YES;
				GENERATE_INFOPLIST_FILE = YES;
				INFOPLIST_KEY_UIApplicationSceneManifest_Generation = YES;
				INFOPLIST_KEY_UIApplicationSupportsIndirectInputEvents = YES;
				INFOPLIST_KEY_UILaunchScreen_Generation = YES;
				INFOPLIST_KEY_UISupportedInterfaceOrientations_iPad = "UIInterfaceOrientationPortrait UIInterfaceOrientationPortraitUpsideDown UIInterfaceOrientationLandscapeLeft UIInterfaceOrientationLandscapeRight";
				INFOPLIST_KEY_UISupportedInterfaceOrientations_iPhone = "UIInterfaceOrientationPortrait UIInterfaceOrientationLandscapeLeft UIInterfaceOrientationLandscapeRight";
				LD_RUNPATH_SEARCH_PATHS = (
					"$(inherited)",
					"@executable_path/Frameworks",
				);
				MARKETING_VERSION = 1.0;
				PRODUCT_BUNDLE_IDENTIFIER = com.tesonet.CocktailApp;
				PRODUCT_NAME = "$(TARGET_NAME)";
				SWIFT_EMIT_LOC_STRINGS = YES;
				SWIFT_VERSION = 5.0;
				TARGETED_DEVICE_FAMILY = "1,2";
			};
			name = Release;
		};
		A0843A8F2860EED4008826E0 /* Debug */ = {
			isa = XCBuildConfiguration;
			baseConfigurationReference = D1DF992F21F6A42143704E74 /* Pods-CocktailAppTests.debug.xcconfig */;
			buildSettings = {
				ALWAYS_EMBED_SWIFT_STANDARD_LIBRARIES = YES;
				BUNDLE_LOADER = "$(TEST_HOST)";
				CODE_SIGN_STYLE = Automatic;
				CURRENT_PROJECT_VERSION = 1;
				DEVELOPMENT_TEAM = SWGF9RULN4;
				GENERATE_INFOPLIST_FILE = YES;
				IPHONEOS_DEPLOYMENT_TARGET = 15.5;
				MARKETING_VERSION = 1.0;
				PRODUCT_BUNDLE_IDENTIFIER = com.tesonet.CocktailAppTests;
				PRODUCT_NAME = "$(TARGET_NAME)";
				SWIFT_EMIT_LOC_STRINGS = NO;
				SWIFT_VERSION = 5.0;
				TARGETED_DEVICE_FAMILY = "1,2";
				TEST_HOST = "$(BUILT_PRODUCTS_DIR)/CocktailApp.app/CocktailApp";
			};
			name = Debug;
		};
		A0843A902860EED4008826E0 /* Release */ = {
			isa = XCBuildConfiguration;
			baseConfigurationReference = A7C32EE3E025C8EBDE42EC27 /* Pods-CocktailAppTests.release.xcconfig */;
			buildSettings = {
				ALWAYS_EMBED_SWIFT_STANDARD_LIBRARIES = YES;
				BUNDLE_LOADER = "$(TEST_HOST)";
				CODE_SIGN_STYLE = Automatic;
				CURRENT_PROJECT_VERSION = 1;
				DEVELOPMENT_TEAM = SWGF9RULN4;
				GENERATE_INFOPLIST_FILE = YES;
				IPHONEOS_DEPLOYMENT_TARGET = 15.5;
				MARKETING_VERSION = 1.0;
				PRODUCT_BUNDLE_IDENTIFIER = com.tesonet.CocktailAppTests;
				PRODUCT_NAME = "$(TARGET_NAME)";
				SWIFT_EMIT_LOC_STRINGS = NO;
				SWIFT_VERSION = 5.0;
				TARGETED_DEVICE_FAMILY = "1,2";
				TEST_HOST = "$(BUILT_PRODUCTS_DIR)/CocktailApp.app/CocktailApp";
			};
			name = Release;
		};
		A0843A922860EED4008826E0 /* Debug */ = {
			isa = XCBuildConfiguration;
			baseConfigurationReference = 2B62E1F4225394E16F67FF93 /* Pods-CocktailApp-CocktailAppUITests.debug.xcconfig */;
			buildSettings = {
				ALWAYS_EMBED_SWIFT_STANDARD_LIBRARIES = YES;
				CODE_SIGN_STYLE = Automatic;
				CURRENT_PROJECT_VERSION = 1;
				DEVELOPMENT_TEAM = SWGF9RULN4;
				GENERATE_INFOPLIST_FILE = YES;
				MARKETING_VERSION = 1.0;
				PRODUCT_BUNDLE_IDENTIFIER = com.tesonet.CocktailAppUITests;
				PRODUCT_NAME = "$(TARGET_NAME)";
				SWIFT_EMIT_LOC_STRINGS = NO;
				SWIFT_VERSION = 5.0;
				TARGETED_DEVICE_FAMILY = "1,2";
				TEST_TARGET_NAME = CocktailApp;
			};
			name = Debug;
		};
		A0843A932860EED4008826E0 /* Release */ = {
			isa = XCBuildConfiguration;
			baseConfigurationReference = 916214B501B6DC9F2BA9FD29 /* Pods-CocktailApp-CocktailAppUITests.release.xcconfig */;
			buildSettings = {
				ALWAYS_EMBED_SWIFT_STANDARD_LIBRARIES = YES;
				CODE_SIGN_STYLE = Automatic;
				CURRENT_PROJECT_VERSION = 1;
				DEVELOPMENT_TEAM = SWGF9RULN4;
				GENERATE_INFOPLIST_FILE = YES;
				MARKETING_VERSION = 1.0;
				PRODUCT_BUNDLE_IDENTIFIER = com.tesonet.CocktailAppUITests;
				PRODUCT_NAME = "$(TARGET_NAME)";
				SWIFT_EMIT_LOC_STRINGS = NO;
				SWIFT_VERSION = 5.0;
				TARGETED_DEVICE_FAMILY = "1,2";
				TEST_TARGET_NAME = CocktailApp;
			};
			name = Release;
		};
/* End XCBuildConfiguration section */

/* Begin XCConfigurationList section */
		A0843A5D2860EED0008826E0 /* Build configuration list for PBXProject "CocktailApp" */ = {
			isa = XCConfigurationList;
			buildConfigurations = (
				A0843A892860EED4008826E0 /* Debug */,
				A0843A8A2860EED4008826E0 /* Release */,
			);
			defaultConfigurationIsVisible = 0;
			defaultConfigurationName = Release;
		};
		A0843A8B2860EED4008826E0 /* Build configuration list for PBXNativeTarget "CocktailApp" */ = {
			isa = XCConfigurationList;
			buildConfigurations = (
				A0843A8C2860EED4008826E0 /* Debug */,
				A0843A8D2860EED4008826E0 /* Release */,
			);
			defaultConfigurationIsVisible = 0;
			defaultConfigurationName = Release;
		};
		A0843A8E2860EED4008826E0 /* Build configuration list for PBXNativeTarget "CocktailAppTests" */ = {
			isa = XCConfigurationList;
			buildConfigurations = (
				A0843A8F2860EED4008826E0 /* Debug */,
				A0843A902860EED4008826E0 /* Release */,
			);
			defaultConfigurationIsVisible = 0;
			defaultConfigurationName = Release;
		};
		A0843A912860EED4008826E0 /* Build configuration list for PBXNativeTarget "CocktailAppUITests" */ = {
			isa = XCConfigurationList;
			buildConfigurations = (
				A0843A922860EED4008826E0 /* Debug */,
				A0843A932860EED4008826E0 /* Release */,
			);
			defaultConfigurationIsVisible = 0;
			defaultConfigurationName = Release;
		};
/* End XCConfigurationList section */

/* Begin XCVersionGroup section */
		A0843A702860EED4008826E0 /* CocktailApp.xcdatamodeld */ = {
			isa = XCVersionGroup;
			children = (
				A0843A712860EED4008826E0 /* CocktailApp.xcdatamodel */,
			);
			currentVersion = A0843A712860EED4008826E0 /* CocktailApp.xcdatamodel */;
			path = CocktailApp.xcdatamodeld;
			sourceTree = "<group>";
			versionGroupType = wrapper.xcdatamodel;
		};
/* End XCVersionGroup section */
	};
	rootObject = A0843A5A2860EED0008826E0 /* Project object */;
}
